{
  "name": "workspace",
  "lockfileVersion": 3,
  "requires": true,
  "packages": {
    "": {
      "dependencies": {
        "@maton/cli": "^0.1.6"
      }
    },
    "node_modules/@maton/cli": {
      "version": "0.1.6",
      "resolved": "https://registry.npmjs.org/@maton/cli/-/cli-0.1.6.tgz",
      "integrity": "sha512-FBp6QXUBUaYuhcrME5rCXh6AANZ8ZNASiNRmd9kvh/PiMrDnVNU/5H7GbAbwlRdDIGwDqSFVRKM3gwcLidqusg==",
      "license": "SEE LICENSE IN LICENSE",
      "bin": {
        "maton": "bin/maton.js"
      },
      "engines": {
        "node": ">=16"
      },
      "optionalDependencies": {
        "@maton/cli-darwin-arm64": "npm:@maton/cli@0.1.6-darwin-arm64",
        "@maton/cli-darwin-x64": "npm:@maton/cli@0.1.6-darwin-x64",
        "@maton/cli-linux-arm": "npm:@maton/cli@0.1.6-linux-arm",
        "@maton/cli-linux-arm-musl": "npm:@maton/cli@0.1.6-linux-arm-musl",
        "@maton/cli-linux-arm64": "npm:@maton/cli@0.1.6-linux-arm64",
        "@maton/cli-linux-arm64-musl": "npm:@maton/cli@0.1.6-linux-arm64-musl",
        "@maton/cli-linux-ia32": "npm:@maton/cli@0.1.6-linux-ia32",
        "@maton/cli-linux-ia32-musl": "npm:@maton/cli@0.1.6-linux-ia32-musl",
        "@maton/cli-linux-x64": "npm:@maton/cli@0.1.6-linux-x64",
        "@maton/cli-linux-x64-musl": "npm:@maton/cli@0.1.6-linux-x64-musl",
        "@maton/cli-win32-arm64": "npm:@maton/cli@0.1.6-win32-arm64",
        "@maton/cli-win32-ia32": "npm:@maton/cli@0.1.6-win32-ia32",
        "@maton/cli-win32-x64": "npm:@maton/cli@0.1.6-win32-x64"
      }
    },
    "node_modules/@maton/cli-darwin-arm64": {
      "name": "@maton/cli",
      "version": "0.1.6-darwin-arm64",
      "resolved": "https://registry.npmjs.org/@maton/cli/-/cli-0.1.6-darwin-arm64.tgz",
      "integrity": "sha512-LrCg0Ipbkw4xbSpvfO+qYmJGFaaSq9/HKibLazas0+pEOUepWPm6o1gXo15nO6fQkDdQzW/N8Am5EpfsrinbIQ==",
      "cpu": [
        "arm64"
      ],
      "license": "SEE LICENSE IN LICENSE",
      "optional": true,
      "os": [
        "darwin"
      ]
    },
    "node_modules/@maton/cli-darwin-x64": {
      "name": "@maton/cli",
      "version": "0.1.6-darwin-x64",
      "resolved": "https://registry.npmjs.org/@maton/cli/-/cli-0.1.6-darwin-x64.tgz",
      "integrity": "sha512-no1alXapI3jmMnMSHEFWOuzCh22lcoDDX1LqI35fGM9xQ6YJFfddFujySECfapdxOs97n37j22eued2c9s/mpg==",
      "cpu": [
        "x64"
      ],
      "license": "SEE LICENSE IN LICENSE",
      "optional": true,
      "os": [
        "darwin"
      ]
    },
    "node_modules/@maton/cli-linux-arm": {
      "name": "@maton/cli",
      "version": "0.1.6-linux-arm",
      "resolved": "https://registry.npmjs.org/@maton/cli/-/cli-0.1.6-linux-arm.tgz",
      "integrity": "sha512-XqVy0jMbKSX3GdkJ/o72AOQsPvKgcaqeoNyeQSD2kv9robyTwwDi04Igm1pt8T9Wri1Qz8er6YXm/qVdRqHovg==",
      "cpu": [
        "arm"
      ],
      "license": "SEE LICENSE IN LICENSE",
      "optional": true,
      "os": [
        "linux"
      ]
    },
    "node_modules/@maton/cli-linux-arm-musl": {
      "name": "@maton/cli",
      "version": "0.1.6-linux-arm-musl",
      "resolved": "https://registry.npmjs.org/@maton/cli/-/cli-0.1.6-linux-arm-musl.tgz",
      "integrity": "sha512-H+1J7Z5OMrtkxFLE0YOqdhlrt/yQOvwYRu6PRQKt7mSqLA+0nAL5g+98feGpeZnVMu2ZGa1qI+JeJMpwAdJGew==",
      "cpu": [
        "arm"
      ],
      "license": "SEE LICENSE IN LICENSE",
      "optional": true,
      "os": [
        "linux"
      ]
    },
    "node_modules/@maton/cli-linux-arm64": {
      "name": "@maton/cli",
      "version": "0.1.6-linux-arm64",
      "resolved": "https://registry.npmjs.org/@maton/cli/-/cli-0.1.6-linux-arm64.tgz",
      "integrity": "sha512-uno4ohFJpiBDrC9Tmq7WygAwsyi5mB1Ejo7tgrsLK0DBZk1k3iSrH3H2N0mAcTf9nttMf0it3KqZNAz4ey/4ug==",
      "cpu": [
        "arm64"
      ],
      "license": "SEE LICENSE IN LICENSE",
      "optional": true,
      "os": [
        "linux"
      ]
    },
    "node_modules/@maton/cli-linux-arm64-musl": {
      "name": "@maton/cli",
      "version": "0.1.6-linux-arm64-musl",
      "resolved": "https://registry.npmjs.org/@maton/cli/-/cli-0.1.6-linux-arm64-musl.tgz",
      "integrity": "sha512-Gb5S5eBj1mTbJacjPUBAcU3iWNPiJQAqkYus4xEBXZMJXq5xEoeGq4NvJu26JTiVNt+PtHatBC4uhiSz0Wc6mg==",
      "cpu": [
        "arm64"
      ],
      "license": "SEE LICENSE IN LICENSE",
      "optional": true,
      "os": [
        "linux"
      ]
    },
    "node_modules/@maton/cli-linux-ia32": {
      "name": "@maton/cli",
      "version": "0.1.6-linux-ia32",
      "resolved": "https://registry.npmjs.org/@maton/cli/-/cli-0.1.6-linux-ia32.tgz",
      "integrity": "sha512-uSQYSCFAHZS3zAG7XEg/I9SUSjsiLVxJGcFc8gQ+05HguUWMk6lzd3pui764Z1NGQ5Xu4JAgbszkvMAXCMWHZA==",
      "cpu": [
        "ia32"
      ],
      "license": "SEE LICENSE IN LICENSE",
      "optional": true,
      "os": [
        "linux"
      ]
    },
    "node_modules/@maton/cli-linux-ia32-musl": {
      "name": "@maton/cli",
      "version": "0.1.6-linux-ia32-musl",
      "resolved": "https://registry.npmjs.org/@maton/cli/-/cli-0.1.6-linux-ia32-musl.tgz",
      "integrity": "sha512-H7TmUVOFBBKpocFiMDh8DAV6ed48uABkI1sGWtC6oGraQvyRkHkmIvStwejWUgrm/T9fuk8FbdGVgewGsgPTNA==",
      "cpu": [
        "ia32"
      ],
      "license": "SEE LICENSE IN LICENSE",
      "optional": true,
      "os": [
        "linux"
      ]
    },
    "node_modules/@maton/cli-linux-x64": {
      "name": "@maton/cli",
      "version": "0.1.6-linux-x64",
      "resolved": "https://registry.npmjs.org/@maton/cli/-/cli-0.1.6-linux-x64.tgz",
      "integrity": "sha512-Azvdak/1qvluCwr5esdLHc7agyy/yiQA5P8riUISW2NaeEue9u9J+L+Stcvd00JpYkWpFyN1k+pEoM4DAqI6PQ==",
      "cpu": [
        "x64"
      ],
      "license": "SEE LICENSE IN LICENSE",
      "optional": true,
      "os": [
        "linux"
      ]
    },
    "node_modules/@maton/cli-linux-x64-musl": {
      "name": "@maton/cli",
      "version": "0.1.6-linux-x64-musl",
      "resolved": "https://registry.npmjs.org/@maton/cli/-/cli-0.1.6-linux-x64-musl.tgz",
      "integrity": "sha512-dLFqJFGSPOcevF9pYpthqhTpUZKurAEy4bXGMmaUjX1bJtRDXeQncPEyzEye9tB1k3SBNJFxwLoHgk81W9vlOQ==",
      "cpu": [
        "x64"
      ],
      "license": "SEE LICENSE IN LICENSE",
      "optional": true,
      "os": [
        "linux"
      ]
    },
    "node_modules/@maton/cli-win32-arm64": {
      "name": "@maton/cli",
      "version": "0.1.6-win32-arm64",
      "resolved": "https://registry.npmjs.org/@maton/cli/-/cli-0.1.6-win32-arm64.tgz",
      "integrity": "sha512-7Cja6LZwKwTOMTj3VAUAvfPXpeYUpz2plU3ptOuxH6dsBvkgAOg8+bo2ykRpd1dEKEyPjLH54kxlwWGs9CTKwQ==",
      "cpu": [
        "arm64"
      ],
      "license": "SEE LICENSE IN LICENSE",
      "optional": true,
      "os": [
        "win32"
      ]
    },
    "node_modules/@maton/cli-win32-ia32": {
      "name": "@maton/cli",
      "version": "0.1.6-win32-ia32",
      "resolved": "https://registry.npmjs.org/@maton/cli/-/cli-0.1.6-win32-ia32.tgz",
      "integrity": "sha512-lkd12wqud7gnrK6ZXCeOGsyQCXeGFPJbItDX+m06Up4uMwLP/WhMnNS/oLI7A4vWrgjS3hIBoRWteqfndR7mzw==",
      "cpu": [
        "ia32"
      ],
      "license": "SEE LICENSE IN LICENSE",
      "optional": true,
      "os": [
        "win32"
      ]
    },
    "node_modules/@maton/cli-win32-x64": {
      "name": "@maton/cli",
      "version": "0.1.6-win32-x64",
      "resolved": "https://registry.npmjs.org/@maton/cli/-/cli-0.1.6-win32-x64.tgz",
      "integrity": "sha512-Gx9/qE+7+56d5sF60gkvMuDC+T5IBJwuwVgJQlLNmXSHVZlEmp2uELQxSzIe+emlRn3EZc2T3LnhmIhemCyTPw==",
      "cpu": [
        "x64"
      ],
      "license": "SEE LICENSE IN LICENSE",
      "optional": true,
      "os": [
        "win32"
      ]
    }
  }
}
