{
  "name": "bazi-full-fortune",
  "version": "1.0.0",
  "lockfileVersion": 3,
  "requires": true,
  "packages": {
    "": {
      "name": "bazi-full-fortune",
      "version": "1.0.0",
      "license": "MIT",
      "dependencies": {
        "cantian-tymext": "^0.0.26"
      }
    },
    "node_modules/cantian-tymext": {
      "version": "0.0.26",
      "resolved": "https://registry.npmjs.org/cantian-tymext/-/cantian-tymext-0.0.26.tgz",
      "integrity": "sha512-OP2BXRj0Ge+9cNBlaf3u9NpmwYSeHGwdNqTb4+A/1DOlW3UsHVOIBtksBG6iNkE0aM1c2UqYugKeRhaKfnZCYQ==",
      "dependencies": {
        "date-fns-tz": "^3.2.0",
        "dayjs": "^1.11.13",
        "tyme4ts": "^1.4.2"
      }
    },
    "node_modules/date-fns": {
      "version": "4.4.0",
      "resolved": "https://registry.npmjs.org/date-fns/-/date-fns-4.4.0.tgz",
      "integrity": "sha512-+1UMbeh68lH1SegH83CGWwpb6OHHbpSgr3+s5Eww5M4CAgswBpoWS0AjTOfEJ33HiYKz1hdj/KTFprzXHmq/6w==",
      "license": "MIT",
      "peer": true,
      "funding": {
        "type": "github",
        "url": "https://github.com/sponsors/kossnocorp"
      }
    },
    "node_modules/date-fns-tz": {
      "version": "3.2.0",
      "resolved": "https://registry.npmjs.org/date-fns-tz/-/date-fns-tz-3.2.0.tgz",
      "integrity": "sha512-sg8HqoTEulcbbbVXeg84u5UnlsQa8GS5QXMqjjYIhS4abEVVKIUwe0/l/UhrZdKaL/W5eWZNlbTeEIiOXTcsBQ==",
      "license": "MIT",
      "peerDependencies": {
        "date-fns": "^3.0.0 || ^4.0.0"
      }
    },
    "node_modules/dayjs": {
      "version": "1.11.21",
      "resolved": "https://registry.npmjs.org/dayjs/-/dayjs-1.11.21.tgz",
      "integrity": "sha512-98IT+HOahAisibz/yjKbzuOBwYcjJ7BCLPzARyHiyEBmRz4fatF+KPJszEHXsGYjUG234aH/cOjW1wwTbKUZlA==",
      "license": "MIT"
    },
    "node_modules/tyme4ts": {
      "version": "1.5.1",
      "resolved": "https://registry.npmjs.org/tyme4ts/-/tyme4ts-1.5.1.tgz",
      "integrity": "sha512-GzL9rP4k5vFdj/8iLnlGrC3jPop4Og2oAE9aBTj2JbOKuZ22+iMlpD+4Ekke4FylHn5BO9V6XRJOgJtFVDFDqQ==",
      "license": "MIT"
    }
  }
}
