{
  "name": "jira-reader",
  "version": "0.3.1",
  "lockfileVersion": 3,
  "requires": true,
  "packages": {
    "": {
      "name": "jira-reader",
      "version": "0.3.1",
      "bin": {
        "jira-reader": "scripts/jira-reader.mjs"
      },
      "engines": {
        "node": ">=18"
      }
    }
  }
}
