{
  "name": "npm",
  "lockfileVersion": 3,
  "requires": true,
  "packages": {
    "": {
      "dependencies": {
        "@openclaw/brave-plugin": "2026.5.4"
      }
    },
    "node_modules/@openclaw/brave-plugin": {
      "version": "2026.5.4",
      "resolved": "https://registry.npmjs.org/@openclaw/brave-plugin/-/brave-plugin-2026.5.4.tgz",
      "integrity": "sha512-IZyL85qANJWOBR6lJak4/GkpMmqRGrIUfeflchMWrsRiSV4QgvLrHB4tt5AYVNSLCJQaKczu6D7/De3n7nDWuA==",
      "peerDependencies": {
        "openclaw": ">=2026.5.4"
      },
      "peerDependenciesMeta": {
        "openclaw": {
          "optional": true
        }
      }
    }
  }
}
