{"name": "fixture-app", "lockfileVersion": 3, "packages": {"": {"name": "fixture-app", "version": "1.0.0"}, "node_modules/minimist": {"version": "1.2.5"}, "node_modules/moment": {"version": "2.29.1"}, "node_modules/axios": {"version": "1.5.0"}, "node_modules/lodash": {"version": "4.17.21"}, "node_modules/ws": {"version": "8.18.0"}}}