{
  "name": "identyclaw-a2a-trust-skill",
  "lockfileVersion": 3,
  "requires": true,
  "packages": {
    "": {
      "name": "identyclaw-a2a-trust-skill",
      "dependencies": {
        "@rodit/hola-client": "file:../hola-client"
      }
    },
    "../hola-client": {
      "name": "@rodit/hola-client",
      "version": "0.1.0",
      "license": "UNLICENSED",
      "dependencies": {
        "bs58": "^5.0.0",
        "hi-base32": "^0.5.1",
        "tweetnacl": "^1.0.3"
      }
    },
    "node_modules/@rodit/hola-client": {
      "resolved": "../hola-client",
      "link": true
    }
  }
}
