{
  "name": "time-parser",
  "version": "1.0.0",
  "lockfileVersion": 3,
  "requires": true,
  "packages": {
    "": {
      "name": "time-parser",
      "version": "1.0.0",
      "license": "MIT",
      "dependencies": {
        "argparse": "^2.0.1",
        "chinese-workday": "^1.11.0",
        "dayjs": "^1.11.10",
        "lunisolar": "^2.0.2"
      }
    },
    "node_modules/argparse": {
      "version": "2.0.1",
      "resolved": "https://registry.npmmirror.com/argparse/-/argparse-2.0.1.tgz",
      "integrity": "sha512-8+9WqebbFzpX9OR+Wa6O29asIogeRMzcGtAINdpMHHyAg10f05aSFVBbcEqGf/PXw1EjAZ+q2/bEBg3DvurK3Q==",
      "license": "Python-2.0"
    },
    "node_modules/chinese-workday": {
      "version": "1.16.1",
      "resolved": "https://registry.npmmirror.com/chinese-workday/-/chinese-workday-1.16.1.tgz",
      "integrity": "sha512-8rG41XRoN8QT+EOmNZiEeC3gM1BJO9Gq9+uvWoqurTGGpzAxNoYQejb8OZtb5J6/RzAaHjwpCMuTo9htH6PFAw==",
      "license": "MIT"
    },
    "node_modules/dayjs": {
      "version": "1.11.20",
      "resolved": "https://registry.npmmirror.com/dayjs/-/dayjs-1.11.20.tgz",
      "integrity": "sha512-YbwwqR/uYpeoP4pu043q+LTDLFBLApUP6VxRihdfNTqu4ubqMlGDLd6ErXhEgsyvY0K6nCs7nggYumAN+9uEuQ==",
      "license": "MIT"
    },
    "node_modules/lunisolar": {
      "version": "2.6.0",
      "resolved": "https://registry.npmmirror.com/lunisolar/-/lunisolar-2.6.0.tgz",
      "integrity": "sha512-Q2Ph0MtYDovbX5lvvo2FvM+bFzZVZaIb70q+FyQLheZ4xuL5tvCBP/uEU5KwG+vfo0ztzGPrlIitOcGhltfwvQ==",
      "license": "GPL-3.0"
    }
  }
}
