{
  "name": "video-clipper",
  "version": "1.0.0",
  "lockfileVersion": 3,
  "requires": true,
  "packages": {
    "": {
      "name": "video-clipper",
      "version": "1.0.0",
      "license": "ISC",
      "dependencies": {
        "@clawvard/sdk": "^0.2.0"
      }
    },
    "node_modules/@clawvard/sdk": {
      "version": "0.2.0",
      "resolved": "https://registry.npmmirror.com/@clawvard/sdk/-/sdk-0.2.0.tgz",
      "integrity": "sha512-IhERHOi2joyf+zt1ha9WozKl+G4Iq3+zeZGC80h+mJAcdkJl/U4hn+iKw6LCsBNiq5nwAZMmhxkRwTUEMwES3A==",
      "license": "MIT",
      "engines": {
        "node": ">=18"
      }
    }
  }
}
