{
  "name": "openclaw-skill-zheninsure",
  "version": "1.0.0",
  "lockfileVersion": 3,
  "requires": true,
  "packages": {
    "": {
      "name": "openclaw-skill-zheninsure",
      "version": "1.0.0",
      "license": "MIT",
      "dependencies": {
        "@zheninsure/core": "file:../shared-zheninsure-core"
      },
      "devDependencies": {},
      "engines": {
        "node": ">=18.0.0"
      }
    },
    "../shared-zheninsure-core": {
      "name": "@zheninsure/core",
      "version": "1.0.0",
      "license": "MIT",
      "devDependencies": {},
      "engines": {
        "node": ">=18.0.0"
      }
    },
    "node_modules/@zheninsure/core": {
      "resolved": "../shared-zheninsure-core",
      "link": true
    }
  }
}
